// !$*UTF8*$!
{
	archiveVersion = 1;
	classes = {
	};
	objectVersion = 56;
	objects = {

/* Begin PBXBuildFile section */
		47C13DAD285486D6001306A5 /* UI_584App.swift in Sources */ = {isa = PBXBuildFile; fileRef = 47C13DAC285486D6001306A5 /* UI_584App.swift */; };
		47C13DAF285486D6001306A5 /* ContentView.swift in Sources */ = {isa = PBXBuildFile; fileRef = 47C13DAE285486D6001306A5 /* ContentView.swift */; };
		47C13DB1285486D7001306A5 /* Assets.xcassets in Resources */ = {isa = PBXBuildFile; fileRef = 47C13DB0285486D7001306A5 /* Assets.xcassets */; };
		47C13DB4285486D7001306A5 /* Preview Assets.xcassets in Resources */ = {isa = PBXBuildFile; fileRef = 47C13DB3285486D7001306A5 /* Preview Assets.xcassets */; };
		47C13DBE285486D7001306A5 /* UI_584Tests.swift in Sources */ = {isa = PBXBuildFile; fileRef = 47C13DBD285486D7001306A5 /* UI_584Tests.swift */; };
		47C13DC8285486D7001306A5 /* UI_584UITests.swift in Sources */ = {isa = PBXBuildFile; fileRef = 47C13DC7285486D7001306A5 /* UI_584UITests.swift */; };
		47C13DCA285486D7001306A5 /* UI_584UITestsLaunchTests.swift in Sources */ = {isa = PBXBuildFile; fileRef = 47C13DC9285486D7001306A5 /* UI_584UITestsLaunchTests.swift */; };
		47C13DD7285487DD001306A5 /* Home.swift in Sources */ = {isa = PBXBuildFile; fileRef = 47C13DD6285487DD001306A5 /* Home.swift */; };
		47C13DD9285487E9001306A5 /* Home2.swift in Sources */ = {isa = PBXBuildFile; fileRef = 47C13DD8285487E9001306A5 /* Home2.swift */; };
		47C13DDB285487EF001306A5 /* Home3.swift in Sources */ = {isa = PBXBuildFile; fileRef = 47C13DDA285487EF001306A5 /* Home3.swift */; };
/* End PBXBuildFile section */

/* Begin PBXContainerItemProxy section */
		47C13DBA285486D7001306A5 /* PBXContainerItemProxy */ = {
			isa = PBXContainerItemProxy;
			containerPortal = 47C13DA1285486D6001306A5 /* Project object */;
			proxyType = 1;
			remoteGlobalIDString = 47C13DA8285486D6001306A5;
			remoteInfo = "UI-584";
		};
		47C13DC4285486D7001306A5 /* PBXContainerItemProxy */ = {
			isa = PBXContainerItemProxy;
			containerPortal = 47C13DA1285486D6001306A5 /* Project object */;
			proxyType = 1;
			remoteGlobalIDString = 47C13DA8285486D6001306A5;
			remoteInfo = "UI-584";
		};
/* End PBXContainerItemProxy section */

/* Begin PBXFileReference section */
		47C13DA9285486D6001306A5 /* UI-584.app */ = {isa = PBXFileReference; explicitFileType = wrapper.application; includeInIndex = 0; path = "UI-584.app"; sourceTree = BUILT_PRODUCTS_DIR; };
		47C13DAC285486D6001306A5 /* UI_584App.swift */ = {isa = PBXFileReference; lastKnownFileType = sourcecode.swift; path = UI_584App.swift; sourceTree = "<group>"; };
		47C13DAE285486D6001306A5 /* ContentView.swift */ = {isa = PBXFileReference; lastKnownFileType = sourcecode.swift; path = ContentView.swift; sourceTree = "<group>"; };
		47C13DB0285486D7001306A5 /* Assets.xcassets */ = {isa = PBXFileReference; lastKnownFileType = folder.assetcatalog; path = Assets.xcassets; sourceTree = "<group>"; };
		47C13DB3285486D7001306A5 /* Preview Assets.xcassets */ = {isa = PBXFileReference; lastKnownFileType = folder.assetcatalog; path = "Preview Assets.xcassets"; sourceTree = "<group>"; };
		47C13DB9285486D7001306A5 /* UI-584Tests.xctest */ = {isa = PBXFileReference; explicitFileType = wrapper.cfbundle; includeInIndex = 0; path = "UI-584Tests.xctest"; sourceTree = BUILT_PRODUCTS_DIR; };
		47C13DBD285486D7001306A5 /* UI_584Tests.swift */ = {isa = PBXFileReference; lastKnownFileType = sourcecode.swift; path = UI_584Tests.swift; sourceTree = "<group>"; };
		47C13DC3285486D7001306A5 /* UI-584UITests.xctest */ = {isa = PBXFileReference; explicitFileType = wrapper.cfbundle; includeInIndex = 0; path = "UI-584UITests.xctest"; sourceTree = BUILT_PRODUCTS_DIR; };
		47C13DC7285486D7001306A5 /* UI_584UITests.swift */ = {isa = PBXFileReference; lastKnownFileType = sourcecode.swift; path = UI_584UITests.swift; sourceTree = "<group>"; };
		47C13DC9285486D7001306A5 /* UI_584UITestsLaunchTests.swift */ = {isa = PBXFileReference; lastKnownFileType = sourcecode.swift; path = UI_584UITestsLaunchTests.swift; sourceTree = "<group>"; };
		47C13DD6285487DD001306A5 /* Home.swift */ = {isa = PBXFileReference; lastKnownFileType = sourcecode.swift; path = Home.swift; sourceTree = "<group>"; };
		47C13DD8285487E9001306A5 /* Home2.swift */ = {isa = PBXFileReference; lastKnownFileType = sourcecode.swift; path = Home2.swift; sourceTree = "<group>"; };
		47C13DDA285487EF001306A5 /* Home3.swift */ = {isa = PBXFileReference; lastKnownFileType = sourcecode.swift; path = Home3.swift; sourceTree = "<group>"; };
/* End PBXFileReference section */

/* Begin PBXFrameworksBuildPhase section */
		47C13DA6285486D6001306A5 /* Frameworks */ = {
			isa = PBXFrameworksBuildPhase;
			buildActionMask = 2147483647;
			files = (
			);
			runOnlyForDeploymentPostprocessing = 0;
		};
		47C13DB6285486D7001306A5 /* Frameworks */ = {
			isa = PBXFrameworksBuildPhase;
			buildActionMask = 2147483647;
			files = (
			);
			runOnlyForDeploymentPostprocessing = 0;
		};
		47C13DC0285486D7001306A5 /* Frameworks */ = {
			isa = PBXFrameworksBuildPhase;
			buildActionMask = 2147483647;
			files = (
			);
			runOnlyForDeploymentPostprocessing = 0;
		};
/* End PBXFrameworksBuildPhase section */

/* Begin PBXGroup section */
		47C13DA0285486D6001306A5 = {
			isa = PBXGroup;
			children = (
				47C13DAB285486D6001306A5 /* UI-584 */,
				47C13DBC285486D7001306A5 /* UI-584Tests */,
				47C13DC6285486D7001306A5 /* UI-584UITests */,
				47C13DAA285486D6001306A5 /* Products */,
			);
			sourceTree = "<group>";
		};
		47C13DAA285486D6001306A5 /* Products */ = {
			isa = PBXGroup;
			children = (
				47C13DA9285486D6001306A5 /* UI-584.app */,
				47C13DB9285486D7001306A5 /* UI-584Tests.xctest */,
				47C13DC3285486D7001306A5 /* UI-584UITests.xctest */,
			);
			name = Products;
			sourceTree = "<group>";
		};
		47C13DAB285486D6001306A5 /* UI-584 */ = {
			isa = PBXGroup;
			children = (
				47C13DAC285486D6001306A5 /* UI_584App.swift */,
				47C13DAE285486D6001306A5 /* ContentView.swift */,
				47C13DB0285486D7001306A5 /* Assets.xcassets */,
				47C13DB2285486D7001306A5 /* Preview Content */,
				47C13DD6285487DD001306A5 /* Home.swift */,
				47C13DD8285487E9001306A5 /* Home2.swift */,
				47C13DDA285487EF001306A5 /* Home3.swift */,
			);
			path = "UI-584";
			sourceTree = "<group>";
		};
		47C13DB2285486D7001306A5 /* Preview Content */ = {
			isa = PBXGroup;
			children = (
				47C13DB3285486D7001306A5 /* Preview Assets.xcassets */,
			);
			path = "Preview Content";
			sourceTree = "<group>";
		};
		47C13DBC285486D7001306A5 /* UI-584Tests */ = {
			isa = PBXGroup;
			children = (
				47C13DBD285486D7001306A5 /* UI_584Tests.swift */,
			);
			path = "UI-584Tests";
			sourceTree = "<group>";
		};
		47C13DC6285486D7001306A5 /* UI-584UITests */ = {
			isa = PBXGroup;
			children = (
				47C13DC7285486D7001306A5 /* UI_584UITests.swift */,
				47C13DC9285486D7001306A5 /* UI_584UITestsLaunchTests.swift */,
			);
			path = "UI-584UITests";
			sourceTree = "<group>";
		};
/* End PBXGroup section */

/* Begin PBXNativeTarget section */
		47C13DA8285486D6001306A5 /* UI-584 */ = {
			isa = PBXNativeTarget;
			buildConfigurationList = 47C13DCD285486D7001306A5 /* Build configuration list for PBXNativeTarget "UI-584" */;
			buildPhases = (
				47C13DA5285486D6001306A5 /* Sources */,
				47C13DA6285486D6001306A5 /* Frameworks */,
				47C13DA7285486D6001306A5 /* Resources */,
			);
			buildRules = (
			);
			dependencies = (
			);
			name = "UI-584";
			productName = "UI-584";
			productReference = 47C13DA9285486D6001306A5 /* UI-584.app */;
			productType = "com.apple.product-type.application";
		};
		47C13DB8285486D7001306A5 /* UI-584Tests */ = {
			isa = PBXNativeTarget;
			buildConfigurationList = 47C13DD0285486D7001306A5 /* Build configuration list for PBXNativeTarget "UI-584Tests" */;
			buildPhases = (
				47C13DB5285486D7001306A5 /* Sources */,
				47C13DB6285486D7001306A5 /* Frameworks */,
				47C13DB7285486D7001306A5 /* Resources */,
			);
			buildRules = (
			);
			dependencies = (
				47C13DBB285486D7001306A5 /* PBXTargetDependency */,
			);
			name = "UI-584Tests";
			productName = "UI-584Tests";
			productReference = 47C13DB9285486D7001306A5 /* UI-584Tests.xctest */;
			productType = "com.apple.product-type.bundle.unit-test";
		};
		47C13DC2285486D7001306A5 /* UI-584UITests */ = {
			isa = PBXNativeTarget;
			buildConfigurationList = 47C13DD3285486D7001306A5 /* Build configuration list for PBXNativeTarget "UI-584UITests" */;
			buildPhases = (
				47C13DBF285486D7001306A5 /* Sources */,
				47C13DC0285486D7001306A5 /* Frameworks */,
				47C13DC1285486D7001306A5 /* Resources */,
			);
			buildRules = (
			);
			dependencies = (
				47C13DC5285486D7001306A5 /* PBXTargetDependency */,
			);
			name = "UI-584UITests";
			productName = "UI-584UITests";
			productReference = 47C13DC3285486D7001306A5 /* UI-584UITests.xctest */;
			productType = "com.apple.product-type.bundle.ui-testing";
		};
/* End PBXNativeTarget section */

/* Begin PBXProject section */
		47C13DA1285486D6001306A5 /* Project object */ = {
			isa = PBXProject;
			attributes = {
				BuildIndependentTargetsInParallel = 1;
				LastSwiftUpdateCheck = 1400;
				LastUpgradeCheck = 1400;
				TargetAttributes = {
					47C13DA8285486D6001306A5 = {
						CreatedOnToolsVersion = 14.0;
					};
					47C13DB8285486D7001306A5 = {
						CreatedOnToolsVersion = 14.0;
						TestTargetID = 47C13DA8285486D6001306A5;
					};
					47C13DC2285486D7001306A5 = {
						CreatedOnToolsVersion = 14.0;
						TestTargetID = 47C13DA8285486D6001306A5;
					};
				};
			};
			buildConfigurationList = 47C13DA4285486D6001306A5 /* Build configuration list for PBXProject "UI-584" */;
			compatibilityVersion = "Xcode 14.0";
			developmentRegion = en;
			hasScannedForEncodings = 0;
			knownRegions = (
				en,
				Base,
			);
			mainGroup = 47C13DA0285486D6001306A5;
			productRefGroup = 47C13DAA285486D6001306A5 /* Products */;
			projectDirPath = "";
			projectRoot = "";
			targets = (
				47C13DA8285486D6001306A5 /* UI-584 */,
				47C13DB8285486D7001306A5 /* UI-584Tests */,
				47C13DC2285486D7001306A5 /* UI-584UITests */,
			);
		};
/* End PBXProject section */

/* Begin PBXResourcesBuildPhase section */
		47C13DA7285486D6001306A5 /* Resources */ = {
			isa = PBXResourcesBuildPhase;
			buildActionMask = 2147483647;
			files = (
				47C13DB4285486D7001306A5 /* Preview Assets.xcassets in Resources */,
				47C13DB1285486D7001306A5 /* Assets.xcassets in Resources */,
			);
			runOnlyForDeploymentPostprocessing = 0;
		};
		47C13DB7285486D7001306A5 /* Resources */ = {
			isa = PBXResourcesBuildPhase;
			buildActionMask = 2147483647;
			files = (
			);
			runOnlyForDeploymentPostprocessing = 0;
		};
		47C13DC1285486D7001306A5 /* Resources */ = {
			isa = PBXResourcesBuildPhase;
			buildActionMask = 2147483647;
			files = (
			);
			runOnlyForDeploymentPostprocessing = 0;
		};
/* End PBXResourcesBuildPhase section */

/* Begin PBXSourcesBuildPhase section */
		47C13DA5285486D6001306A5 /* Sources */ = {
			isa = PBXSourcesBuildPhase;
			buildActionMask = 2147483647;
			files = (
				47C13DAF285486D6001306A5 /* ContentView.swift in Sources */,
				47C13DD9285487E9001306A5 /* Home2.swift in Sources */,
				47C13DD7285487DD001306A5 /* Home.swift in Sources */,
				47C13DDB285487EF001306A5 /* Home3.swift in Sources */,
				47C13DAD285486D6001306A5 /* UI_584App.swift in Sources */,
			);
			runOnlyForDeploymentPostprocessing = 0;
		};
		47C13DB5285486D7001306A5 /* Sources */ = {
			isa = PBXSourcesBuildPhase;
			buildActionMask = 2147483647;
			files = (
				47C13DBE285486D7001306A5 /* UI_584Tests.swift in Sources */,
			);
			runOnlyForDeploymentPostprocessing = 0;
		};
		47C13DBF285486D7001306A5 /* Sources */ = {
			isa = PBXSourcesBuildPhase;
			buildActionMask = 2147483647;
			files = (
				47C13DCA285486D7001306A5 /* UI_584UITestsLaunchTests.swift in Sources */,
				47C13DC8285486D7001306A5 /* UI_584UITests.swift in Sources */,
			);
			runOnlyForDeploymentPostprocessing = 0;
		};
/* End PBXSourcesBuildPhase section */

/* Begin PBXTargetDependency section */
		47C13DBB285486D7001306A5 /* PBXTargetDependency */ = {
			isa = PBXTargetDependency;
			target = 47C13DA8285486D6001306A5 /* UI-584 */;
			targetProxy = 47C13DBA285486D7001306A5 /* PBXContainerItemProxy */;
		};
		47C13DC5285486D7001306A5 /* PBXTargetDependency */ = {
			isa = PBXTargetDependency;
			target = 47C13DA8285486D6001306A5 /* UI-584 */;
			targetProxy = 47C13DC4285486D7001306A5 /* PBXContainerItemProxy */;
		};
/* End PBXTargetDependency section */

/* Begin XCBuildConfiguration section */
		47C13DCB285486D7001306A5 /* Debug */ = {
			isa = XCBuildConfiguration;
			buildSettings = {
				ALWAYS_SEARCH_USER_PATHS = NO;
				CLANG_ANALYZER_NONNULL = YES;
				CLANG_ANALYZER_NUMBER_OBJECT_CONVERSION = YES_AGGRESSIVE;
				CLANG_CXX_LANGUAGE_STANDARD = "gnu++17";
				CLANG_ENABLE_MODULES = YES;
				CLANG_ENABLE_OBJC_ARC = YES;
				CLANG_ENABLE_OBJC_WEAK = YES;
				CLANG_WARN_BLOCK_CAPTURE_AUTORELEASING = YES;
				CLANG_WARN_BOOL_CONVERSION = YES;
				CLANG_WARN_COMMA = YES;
				CLANG_WARN_CONSTANT_CONVERSION = YES;
				CLANG_WARN_DEPRECATED_OBJC_IMPLEMENTATIONS = YES;
				CLANG_WARN_DIRECT_OBJC_ISA_USAGE = YES_ERROR;
				CLANG_WARN_DOCUMENTATION_COMMENTS = YES;
				CLANG_WARN_EMPTY_BODY = YES;
				CLANG_WARN_ENUM_CONVERSION = YES;
				CLANG_WARN_INFINITE_RECURSION = YES;
				CLANG_WARN_INT_CONVERSION = YES;
				CLANG_WARN_NON_LITERAL_NULL_CONVERSION = YES;
				CLANG_WARN_OBJC_IMPLICIT_RETAIN_SELF = YES;
				CLANG_WARN_OBJC_LITERAL_CONVERSION = YES;
				CLANG_WARN_OBJC_ROOT_CLASS = YES_ERROR;
				CLANG_WARN_QUOTED_INCLUDE_IN_FRAMEWORK_HEADER = YES;
				CLANG_WARN_RANGE_LOOP_ANALYSIS = YES;
				CLANG_WARN_STRICT_PROTOTYPES = YES;
				CLANG_WARN_SUSPICIOUS_MOVE = YES;
				CLANG_WARN_UNGUARDED_AVAILABILITY = YES_AGGRESSIVE;
				CLANG_WARN_UNREACHABLE_CODE = YES;
				CLANG_WARN__DUPLICATE_METHOD_MATCH = YES;
				COPY_PHASE_STRIP = NO;
				DEBUG_INFORMATION_FORMAT = dwarf;
				ENABLE_STRICT_OBJC_MSGSEND = YES;
				ENABLE_TESTABILITY = YES;
				GCC_C_LANGUAGE_STANDARD = gnu11;
				GCC_DYNAMIC_NO_PIC = NO;
				GCC_NO_COMMON_BLOCKS = YES;
				GCC_OPTIMIZATION_LEVEL = 0;
				GCC_PREPROCESSOR_DEFINITIONS = (
					"DEBUG=1",
					"$(inherited)",
				);
				GCC_WARN_64_TO_32_BIT_CONVERSION = YES;
				GCC_WARN_ABOUT_RETURN_TYPE = YES_ERROR;
				GCC_WARN_UNDECLARED_SELECTOR = YES;
				GCC_WARN_UNINITIALIZED_AUTOS = YES_AGGRESSIVE;
				GCC_WARN_UNUSED_FUNCTION = YES;
				GCC_WARN_UNUSED_VARIABLE = YES;
				IPHONEOS_DEPLOYMENT_TARGET = 16.0;
				MTL_ENABLE_DEBUG_INFO = INCLUDE_SOURCE;
				MTL_FAST_MATH = YES;
				ONLY_ACTIVE_ARCH = YES;
				SDKROOT = iphoneos;
				SWIFT_ACTIVE_COMPILATION_CONDITIONS = DEBUG;
				SWIFT_OPTIMIZATION_LEVEL = "-Onone";
			};
			name = Debug;
		};
		47C13DCC285486D7001306A5 /* Release */ = {
			isa = XCBuildConfiguration;
			buildSettings = {
				ALWAYS_SEARCH_USER_PATHS = NO;
				CLANG_ANALYZER_NONNULL = YES;
				CLANG_ANALYZER_NUMBER_OBJECT_CONVERSION = YES_AGGRESSIVE;
				CLANG_CXX_LANGUAGE_STANDARD = "gnu++17";
				CLANG_ENABLE_MODULES = YES;
				CLANG_ENABLE_OBJC_ARC = YES;
				CLANG_ENABLE_OBJC_WEAK = YES;
				CLANG_WARN_BLOCK_CAPTURE_AUTORELEASING = YES;
				CLANG_WARN_BOOL_CONVERSION = YES;
				CLANG_WARN_COMMA = YES;
				CLANG_WARN_CONSTANT_CONVERSION = YES;
				CLANG_WARN_DEPRECATED_OBJC_IMPLEMENTATIONS = YES;
				CLANG_WARN_DIRECT_OBJC_ISA_USAGE = YES_ERROR;
				CLANG_WARN_DOCUMENTATION_COMMENTS = YES;
				CLANG_WARN_EMPTY_BODY = YES;
				CLANG_WARN_ENUM_CONVERSION = YES;
				CLANG_WARN_INFINITE_RECURSION = YES;
				CLANG_WARN_INT_CONVERSION = YES;
				CLANG_WARN_NON_LITERAL_NULL_CONVERSION = YES;
				CLANG_WARN_OBJC_IMPLICIT_RETAIN_SELF = YES;
				CLANG_WARN_OBJC_LITERAL_CONVERSION = YES;
				CLANG_WARN_OBJC_ROOT_CLASS = YES_ERROR;
				CLANG_WARN_QUOTED_INCLUDE_IN_FRAMEWORK_HEADER = YES;
				CLANG_WARN_RANGE_LOOP_ANALYSIS = YES;
				CLANG_WARN_STRICT_PROTOTYPES = YES;
				CLANG_WARN_SUSPICIOUS_MOVE = YES;
				CLANG_WARN_UNGUARDED_AVAILABILITY = YES_AGGRESSIVE;
				CLANG_WARN_UNREACHABLE_CODE = YES;
				CLANG_WARN__DUPLICATE_METHOD_MATCH = YES;
				COPY_PHASE_STRIP = NO;
				DEBUG_INFORMATION_FORMAT = "dwarf-with-dsym";
				ENABLE_NS_ASSERTIONS = NO;
				ENABLE_STRICT_OBJC_MSGSEND = YES;
				GCC_C_LANGUAGE_STANDARD = gnu11;
				GCC_NO_COMMON_BLOCKS = YES;
				GCC_WARN_64_TO_32_BIT_CONVERSION = YES;
				GCC_WARN_ABOUT_RETURN_TYPE = YES_ERROR;
				GCC_WARN_UNDECLARED_SELECTOR = YES;
				GCC_WARN_UNINITIALIZED_AUTOS = YES_AGGRESSIVE;
				GCC_WARN_UNUSED_FUNCTION = YES;
				GCC_WARN_UNUSED_VARIABLE = YES;
				IPHONEOS_DEPLOYMENT_TARGET = 16.0;
				MTL_ENABLE_DEBUG_INFO = NO;
				MTL_FAST_MATH = YES;
				SDKROOT = iphoneos;
				SWIFT_COMPILATION_MODE = wholemodule;
				SWIFT_OPTIMIZATION_LEVEL = "-O";
				VALIDATE_PRODUCT = YES;
			};
			name = Release;
		};
		47C13DCE285486D7001306A5 /* Debug */ = {
			isa = XCBuildConfiguration;
			buildSettings = {
				ASSETCATALOG_COMPILER_APPICON_NAME = AppIcon;
				ASSETCATALOG_COMPILER_GLOBAL_ACCENT_COLOR_NAME = AccentColor;
				CODE_SIGN_STYLE = Automatic;
				CURRENT_PROJECT_VERSION = 1;
				DEVELOPMENT_ASSET_PATHS = "\"UI-584/Preview Content\"";
				DEVELOPMENT_TEAM = 8CL4U468K5;
				ENABLE_PREVIEWS = YES;
				GENERATE_INFOPLIST_FILE = YES;
				INFOPLIST_KEY_UIApplicationSceneManifest_Generation = YES;
				INFOPLIST_KEY_UIApplicationSupportsIndirectInputEvents = YES;
				INFOPLIST_KEY_UILaunchScreen_Generation = YES;
				INFOPLIST_KEY_UISupportedInterfaceOrientations_iPad = "UIInterfaceOrientationPortrait UIInterfaceOrientationPortraitUpsideDown UIInterfaceOrientationLandscapeLeft UIInterfaceOrientationLandscapeRight";
				INFOPLIST_KEY_UISupportedInterfaceOrientations_iPhone = "UIInterfaceOrientationPortrait UIInterfaceOrientationLandscapeLeft UIInterfaceOrientationLandscapeRight";
				LD_RUNPATH_SEARCH_PATHS = (
					"$(inherited)",
					"@executable_path/Frameworks",
				);
				MARKETING_VERSION = 1.0;
				PRODUCT_BUNDLE_IDENTIFIER = "com.585.UI-584";
				PRODUCT_NAME = "$(TARGET_NAME)";
				SWIFT_EMIT_LOC_STRINGS = YES;
				SWIFT_VERSION = 5.0;
				TARGETED_DEVICE_FAMILY = "1,2";
			};
			name = Debug;
		};
		47C13DCF285486D7001306A5 /* Release */ = {
			isa = XCBuildConfiguration;
			buildSettings = {
				ASSETCATALOG_COMPILER_APPICON_NAME = AppIcon;
				ASSETCATALOG_COMPILER_GLOBAL_ACCENT_COLOR_NAME = AccentColor;
				CODE_SIGN_STYLE = Automatic;
				CURRENT_PROJECT_VERSION = 1;
				DEVELOPMENT_ASSET_PATHS = "\"UI-584/Preview Content\"";
				DEVELOPMENT_TEAM = 8CL4U468K5;
				ENABLE_PREVIEWS = YES;
				GENERATE_INFOPLIST_FILE = YES;
				INFOPLIST_KEY_UIApplicationSceneManifest_Generation = YES;
				INFOPLIST_KEY_UIApplicationSupportsIndirectInputEvents = YES;
				INFOPLIST_KEY_UILaunchScreen_Generation = YES;
				INFOPLIST_KEY_UISupportedInterfaceOrientations_iPad = "UIInterfaceOrientationPortrait UIInterfaceOrientationPortraitUpsideDown UIInterfaceOrientationLandscapeLeft UIInterfaceOrientationLandscapeRight";
				INFOPLIST_KEY_UISupportedInterfaceOrientations_iPhone = "UIInterfaceOrientationPortrait UIInterfaceOrientationLandscapeLeft UIInterfaceOrientationLandscapeRight";
				LD_RUNPATH_SEARCH_PATHS = (
					"$(inherited)",
					"@executable_path/Frameworks",
				);
				MARKETING_VERSION = 1.0;
				PRODUCT_BUNDLE_IDENTIFIER = "com.585.UI-584";
				PRODUCT_NAME = "$(TARGET_NAME)";
				SWIFT_EMIT_LOC_STRINGS = YES;
				SWIFT_VERSION = 5.0;
				TARGETED_DEVICE_FAMILY = "1,2";
			};
			name = Release;
		};
		47C13DD1285486D7001306A5 /* Debug */ = {
			isa = XCBuildConfiguration;
			buildSettings = {
				ALWAYS_EMBED_SWIFT_STANDARD_LIBRARIES = YES;
				BUNDLE_LOADER = "$(TEST_HOST)";
				CODE_SIGN_STYLE = Automatic;
				CURRENT_PROJECT_VERSION = 1;
				DEVELOPMENT_TEAM = 8CL4U468K5;
				GENERATE_INFOPLIST_FILE = YES;
				IPHONEOS_DEPLOYMENT_TARGET = 16.0;
				MARKETING_VERSION = 1.0;
				PRODUCT_BUNDLE_IDENTIFIER = "com.585.UI-584Tests";
				PRODUCT_NAME = "$(TARGET_NAME)";
				SWIFT_EMIT_LOC_STRINGS = NO;
				SWIFT_VERSION = 5.0;
				TARGETED_DEVICE_FAMILY = "1,2";
				TEST_HOST = "$(BUILT_PRODUCTS_DIR)/UI-584.app/$(BUNDLE_EXECUTABLE_FOLDER_PATH)/UI-584";
			};
			name = Debug;
		};
		47C13DD2285486D7001306A5 /* Release */ = {
			isa = XCBuildConfiguration;
			buildSettings = {
				ALWAYS_EMBED_SWIFT_STANDARD_LIBRARIES = YES;
				BUNDLE_LOADER = "$(TEST_HOST)";
				CODE_SIGN_STYLE = Automatic;
				CURRENT_PROJECT_VERSION = 1;
				DEVELOPMENT_TEAM = 8CL4U468K5;
				GENERATE_INFOPLIST_FILE = YES;
				IPHONEOS_DEPLOYMENT_TARGET = 16.0;
				MARKETING_VERSION = 1.0;
				PRODUCT_BUNDLE_IDENTIFIER = "com.585.UI-584Tests";
				PRODUCT_NAME = "$(TARGET_NAME)";
				SWIFT_EMIT_LOC_STRINGS = NO;
				SWIFT_VERSION = 5.0;
				TARGETED_DEVICE_FAMILY = "1,2";
				TEST_HOST = "$(BUILT_PRODUCTS_DIR)/UI-584.app/$(BUNDLE_EXECUTABLE_FOLDER_PATH)/UI-584";
			};
			name = Release;
		};
		47C13DD4285486D7001306A5 /* Debug */ = {
			isa = XCBuildConfiguration;
			buildSettings = {
				ALWAYS_EMBED_SWIFT_STANDARD_LIBRARIES = YES;
				CODE_SIGN_STYLE = Automatic;
				CURRENT_PROJECT_VERSION = 1;
				DEVELOPMENT_TEAM = 8CL4U468K5;
				GENERATE_INFOPLIST_FILE = YES;
				MARKETING_VERSION = 1.0;
				PRODUCT_BUNDLE_IDENTIFIER = "com.585.UI-584UITests";
				PRODUCT_NAME = "$(TARGET_NAME)";
				SWIFT_EMIT_LOC_STRINGS = NO;
				SWIFT_VERSION = 5.0;
				TARGETED_DEVICE_FAMILY = "1,2";
				TEST_TARGET_NAME = "UI-584";
			};
			name = Debug;
		};
		47C13DD5285486D7001306A5 /* Release */ = {
			isa = XCBuildConfiguration;
			buildSettings = {
				ALWAYS_EMBED_SWIFT_STANDARD_LIBRARIES = YES;
				CODE_SIGN_STYLE = Automatic;
				CURRENT_PROJECT_VERSION = 1;
				DEVELOPMENT_TEAM = 8CL4U468K5;
				GENERATE_INFOPLIST_FILE = YES;
				MARKETING_VERSION = 1.0;
				PRODUCT_BUNDLE_IDENTIFIER = "com.585.UI-584UITests";
				PRODUCT_NAME = "$(TARGET_NAME)";
				SWIFT_EMIT_LOC_STRINGS = NO;
				SWIFT_VERSION = 5.0;
				TARGETED_DEVICE_FAMILY = "1,2";
				TEST_TARGET_NAME = "UI-584";
			};
			name = Release;
		};
/* End XCBuildConfiguration section */

/* Begin XCConfigurationList section */
		47C13DA4285486D6001306A5 /* Build configuration list for PBXProject "UI-584" */ = {
			isa = XCConfigurationList;
			buildConfigurations = (
				47C13DCB285486D7001306A5 /* Debug */,
				47C13DCC285486D7001306A5 /* Release */,
			);
			defaultConfigurationIsVisible = 0;
			defaultConfigurationName = Release;
		};
		47C13DCD285486D7001306A5 /* Build configuration list for PBXNativeTarget "UI-584" */ = {
			isa = XCConfigurationList;
			buildConfigurations = (
				47C13DCE285486D7001306A5 /* Debug */,
				47C13DCF285486D7001306A5 /* Release */,
			);
			defaultConfigurationIsVisible = 0;
			defaultConfigurationName = Release;
		};
		47C13DD0285486D7001306A5 /* Build configuration list for PBXNativeTarget "UI-584Tests" */ = {
			isa = XCConfigurationList;
			buildConfigurations = (
				47C13DD1285486D7001306A5 /* Debug */,
				47C13DD2285486D7001306A5 /* Release */,
			);
			defaultConfigurationIsVisible = 0;
			defaultConfigurationName = Release;
		};
		47C13DD3285486D7001306A5 /* Build configuration list for PBXNativeTarget "UI-584UITests" */ = {
			isa = XCConfigurationList;
			buildConfigurations = (
				47C13DD4285486D7001306A5 /* Debug */,
				47C13DD5285486D7001306A5 /* Release */,
			);
			defaultConfigurationIsVisible = 0;
			defaultConfigurationName = Release;
		};
/* End XCConfigurationList section */
	};
	rootObject = 47C13DA1285486D6001306A5 /* Project object */;
}
